
Microsoft Visual Studio Solution File, Format Version 12.00
# Visual Studio 2015
Project("{FAE04EC0-301F-11D3-BF4B-00C04F79EFBC}") = "Game AI PART 2 - Copy.CSharp", "Game AI PART 2 - Copy.CSharp.csproj", "{79D5AA50-A207-B940-70CF-781D9792BCF8}"
EndProject
Global
	GlobalSection(SolutionConfigurationPlatforms) = preSolution
		Debug|Any CPU = Debug|Any CPU
		Release|Any CPU = Release|Any CPU
	EndGlobalSection
	GlobalSection(ProjectConfigurationPlatforms) = postSolution
		{79D5AA50-A207-B940-70CF-781D9792BCF8}.Debug|Any CPU.ActiveCfg = Debug|Any CPU
		{79D5AA50-A207-B940-70CF-781D9792BCF8}.Debug|Any CPU.Build.0 = Debug|Any CPU
		{79D5AA50-A207-B940-70CF-781D9792BCF8}.Release|Any CPU.ActiveCfg = Release|Any CPU
		{79D5AA50-A207-B940-70CF-781D9792BCF8}.Release|Any CPU.Build.0 = Release|Any CPU
	EndGlobalSection
	GlobalSection(SolutionProperties) = preSolution
		HideSolutionNode = FALSE
	EndGlobalSection
EndGlobal
